// !$*UTF8*$!
{
	archiveVersion = 1;
	classes = {
	};
	objectVersion = 50;
	objects = {

/* Begin PBXBuildFile section */
		20D35FDD212A098900E86227 /* AppDelegate.swift in Sources */ = {isa = PBXBuildFile; fileRef = 20D35FDC212A098900E86227 /* AppDelegate.swift */; };
		20D35FDF212A098900E86227 /* GameScene.sks in Resources */ = {isa = PBXBuildFile; fileRef = 20D35FDE212A098900E86227 /* GameScene.sks */; };
		20D35FE3212A098900E86227 /* GameScene.swift in Sources */ = {isa = PBXBuildFile; fileRef = 20D35FE2212A098900E86227 /* GameScene.swift */; };
		20D35FE5212A098900E86227 /* GameViewController.swift in Sources */ = {isa = PBXBuildFile; fileRef = 20D35FE4212A098900E86227 /* GameViewController.swift */; };
		20D35FE8212A098900E86227 /* Main.storyboard in Resources */ = {isa = PBXBuildFile; fileRef = 20D35FE6212A098900E86227 /* Main.storyboard */; };
		20D35FEA212A098C00E86227 /* Assets.xcassets in Resources */ = {isa = PBXBuildFile; fileRef = 20D35FE9212A098C00E86227 /* Assets.xcassets */; };
		20D35FED212A098C00E86227 /* LaunchScreen.storyboard in Resources */ = {isa = PBXBuildFile; fileRef = 20D35FEB212A098C00E86227 /* LaunchScreen.storyboard */; };
		20D36004212A0B2B00E86227 /* whackBad.caf in Resources */ = {isa = PBXBuildFile; fileRef = 20D35FF5212A0B2B00E86227 /* whackBad.caf */; };
		20D36005212A0B2B00E86227 /* penguinGood.png in Resources */ = {isa = PBXBuildFile; fileRef = 20D35FF6212A0B2B00E86227 /* penguinGood.png */; };
		20D36006212A0B2B00E86227 /* whackMask.png in Resources */ = {isa = PBXBuildFile; fileRef = 20D35FF7212A0B2B00E86227 /* whackMask.png */; };
		20D36007212A0B2B00E86227 /* whackBackground.png in Resources */ = {isa = PBXBuildFile; fileRef = 20D35FF8212A0B2B00E86227 /* whackBackground.png */; };
		20D36008212A0B2B00E86227 /* whack.caf in Resources */ = {isa = PBXBuildFile; fileRef = 20D35FF9212A0B2B00E86227 /* whack.caf */; };
		20D36009212A0B2B00E86227 /* gameOver@2x.png in Resources */ = {isa = PBXBuildFile; fileRef = 20D35FFA212A0B2B00E86227 /* gameOver@2x.png */; };
		20D3600A212A0B2B00E86227 /* whackHole.png in Resources */ = {isa = PBXBuildFile; fileRef = 20D35FFB212A0B2B00E86227 /* whackHole.png */; };
		20D3600B212A0B2B00E86227 /* penguinEvil@2x.png in Resources */ = {isa = PBXBuildFile; fileRef = 20D35FFC212A0B2B00E86227 /* penguinEvil@2x.png */; };
		20D3600C212A0B2B00E86227 /* whackHole@2x.png in Resources */ = {isa = PBXBuildFile; fileRef = 20D35FFD212A0B2B00E86227 /* whackHole@2x.png */; };
		20D3600D212A0B2B00E86227 /* penguinEvil.png in Resources */ = {isa = PBXBuildFile; fileRef = 20D35FFE212A0B2B00E86227 /* penguinEvil.png */; };
		20D3600E212A0B2B00E86227 /* penguinGood@2x.png in Resources */ = {isa = PBXBuildFile; fileRef = 20D35FFF212A0B2B00E86227 /* penguinGood@2x.png */; };
		20D3600F212A0B2B00E86227 /* gameOver.png in Resources */ = {isa = PBXBuildFile; fileRef = 20D36000212A0B2B00E86227 /* gameOver.png */; };
		20D36010212A0B2B00E86227 /* whackMask@2x.png in Resources */ = {isa = PBXBuildFile; fileRef = 20D36001212A0B2B00E86227 /* whackMask@2x.png */; };
		20D36011212A0B2B00E86227 /* whackBackground@2x.png in Resources */ = {isa = PBXBuildFile; fileRef = 20D36002212A0B2B00E86227 /* whackBackground@2x.png */; };
		20D36012212A0B2B00E86227 /* Helper.swift in Sources */ = {isa = PBXBuildFile; fileRef = 20D36003212A0B2B00E86227 /* Helper.swift */; };
		20D36014212A0E0900E86227 /* WhackSlot.swift in Sources */ = {isa = PBXBuildFile; fileRef = 20D36013212A0E0900E86227 /* WhackSlot.swift */; };
/* End PBXBuildFile section */

/* Begin PBXFileReference section */
		20D35FD9212A098900E86227 /* Project14.app */ = {isa = PBXFileReference; explicitFileType = wrapper.application; includeInIndex = 0; path = Project14.app; sourceTree = BUILT_PRODUCTS_DIR; };
		20D35FDC212A098900E86227 /* AppDelegate.swift */ = {isa = PBXFileReference; lastKnownFileType = sourcecode.swift; path = AppDelegate.swift; sourceTree = "<group>"; };
		20D35FDE212A098900E86227 /* GameScene.sks */ = {isa = PBXFileReference; lastKnownFileType = file.sks; path = GameScene.sks; sourceTree = "<group>"; };
		20D35FE2212A098900E86227 /* GameScene.swift */ = {isa = PBXFileReference; lastKnownFileType = sourcecode.swift; path = GameScene.swift; sourceTree = "<group>"; };
		20D35FE4212A098900E86227 /* GameViewController.swift */ = {isa = PBXFileReference; lastKnownFileType = sourcecode.swift; path = GameViewController.swift; sourceTree = "<group>"; };
		20D35FE7212A098900E86227 /* Base */ = {isa = PBXFileReference; lastKnownFileType = file.storyboard; name = Base; path = Base.lproj/Main.storyboard; sourceTree = "<group>"; };
		20D35FE9212A098C00E86227 /* Assets.xcassets */ = {isa = PBXFileReference; lastKnownFileType = folder.assetcatalog; path = Assets.xcassets; sourceTree = "<group>"; };
		20D35FEC212A098C00E86227 /* Base */ = {isa = PBXFileReference; lastKnownFileType = file.storyboard; name = Base; path = Base.lproj/LaunchScreen.storyboard; sourceTree = "<group>"; };
		20D35FEE212A098C00E86227 /* Info.plist */ = {isa = PBXFileReference; lastKnownFileType = text.plist.xml; path = Info.plist; sourceTree = "<group>"; };
		20D35FF5212A0B2B00E86227 /* whackBad.caf */ = {isa = PBXFileReference; lastKnownFileType = file; path = whackBad.caf; sourceTree = "<group>"; };
		20D35FF6212A0B2B00E86227 /* penguinGood.png */ = {isa = PBXFileReference; lastKnownFileType = image.png; path = penguinGood.png; sourceTree = "<group>"; };
		20D35FF7212A0B2B00E86227 /* whackMask.png */ = {isa = PBXFileReference; lastKnownFileType = image.png; path = whackMask.png; sourceTree = "<group>"; };
		20D35FF8212A0B2B00E86227 /* whackBackground.png */ = {isa = PBXFileReference; lastKnownFileType = image.png; path = whackBackground.png; sourceTree = "<group>"; };
		20D35FF9212A0B2B00E86227 /* whack.caf */ = {isa = PBXFileReference; lastKnownFileType = file; path = whack.caf; sourceTree = "<group>"; };
		20D35FFA212A0B2B00E86227 /* gameOver@2x.png */ = {isa = PBXFileReference; lastKnownFileType = image.png; path = "gameOver@2x.png"; sourceTree = "<group>"; };
		20D35FFB212A0B2B00E86227 /* whackHole.png */ = {isa = PBXFileReference; lastKnownFileType = image.png; path = whackHole.png; sourceTree = "<group>"; };
		20D35FFC212A0B2B00E86227 /* penguinEvil@2x.png */ = {isa = PBXFileReference; lastKnownFileType = image.png; path = "penguinEvil@2x.png"; sourceTree = "<group>"; };
		20D35FFD212A0B2B00E86227 /* whackHole@2x.png */ = {isa = PBXFileReference; lastKnownFileType = image.png; path = "whackHole@2x.png"; sourceTree = "<group>"; };
		20D35FFE212A0B2B00E86227 /* penguinEvil.png */ = {isa = PBXFileReference; lastKnownFileType = image.png; path = penguinEvil.png; sourceTree = "<group>"; };
		20D35FFF212A0B2B00E86227 /* penguinGood@2x.png */ = {isa = PBXFileReference; lastKnownFileType = image.png; path = "penguinGood@2x.png"; sourceTree = "<group>"; };
		20D36000212A0B2B00E86227 /* gameOver.png */ = {isa = PBXFileReference; lastKnownFileType = image.png; path = gameOver.png; sourceTree = "<group>"; };
		20D36001212A0B2B00E86227 /* whackMask@2x.png */ = {isa = PBXFileReference; lastKnownFileType = image.png; path = "whackMask@2x.png"; sourceTree = "<group>"; };
		20D36002212A0B2B00E86227 /* whackBackground@2x.png */ = {isa = PBXFileReference; lastKnownFileType = image.png; path = "whackBackground@2x.png"; sourceTree = "<group>"; };
		20D36003212A0B2B00E86227 /* Helper.swift */ = {isa = PBXFileReference; fileEncoding = 4; lastKnownFileType = sourcecode.swift; path = Helper.swift; sourceTree = "<group>"; };
		20D36013212A0E0900E86227 /* WhackSlot.swift */ = {isa = PBXFileReference; lastKnownFileType = sourcecode.swift; path = WhackSlot.swift; sourceTree = "<group>"; };
/* End PBXFileReference section */

/* Begin PBXFrameworksBuildPhase section */
		20D35FD6212A098900E86227 /* Frameworks */ = {
			isa = PBXFrameworksBuildPhase;
			buildActionMask = 2147483647;
			files = (
			);
			runOnlyForDeploymentPostprocessing = 0;
		};
/* End PBXFrameworksBuildPhase section */

/* Begin PBXGroup section */
		20D35FD0212A098900E86227 = {
			isa = PBXGroup;
			children = (
				20D35FDB212A098900E86227 /* Project14 */,
				20D35FDA212A098900E86227 /* Products */,
			);
			sourceTree = "<group>";
		};
		20D35FDA212A098900E86227 /* Products */ = {
			isa = PBXGroup;
			children = (
				20D35FD9212A098900E86227 /* Project14.app */,
			);
			name = Products;
			sourceTree = "<group>";
		};
		20D35FDB212A098900E86227 /* Project14 */ = {
			isa = PBXGroup;
			children = (
				20D35FDC212A098900E86227 /* AppDelegate.swift */,
				20D35FDE212A098900E86227 /* GameScene.sks */,
				20D35FE2212A098900E86227 /* GameScene.swift */,
				20D36013212A0E0900E86227 /* WhackSlot.swift */,
				20D35FE4212A098900E86227 /* GameViewController.swift */,
				20D35FE6212A098900E86227 /* Main.storyboard */,
				20D35FE9212A098C00E86227 /* Assets.xcassets */,
				20D35FEB212A098C00E86227 /* LaunchScreen.storyboard */,
				20D35FEE212A098C00E86227 /* Info.plist */,
				20D35FF4212A0B2B00E86227 /* Content */,
				20D36003212A0B2B00E86227 /* Helper.swift */,
			);
			path = Project14;
			sourceTree = "<group>";
		};
		20D35FF4212A0B2B00E86227 /* Content */ = {
			isa = PBXGroup;
			children = (
				20D35FF5212A0B2B00E86227 /* whackBad.caf */,
				20D35FF6212A0B2B00E86227 /* penguinGood.png */,
				20D35FF7212A0B2B00E86227 /* whackMask.png */,
				20D35FF8212A0B2B00E86227 /* whackBackground.png */,
				20D35FF9212A0B2B00E86227 /* whack.caf */,
				20D35FFA212A0B2B00E86227 /* gameOver@2x.png */,
				20D35FFB212A0B2B00E86227 /* whackHole.png */,
				20D35FFC212A0B2B00E86227 /* penguinEvil@2x.png */,
				20D35FFD212A0B2B00E86227 /* whackHole@2x.png */,
				20D35FFE212A0B2B00E86227 /* penguinEvil.png */,
				20D35FFF212A0B2B00E86227 /* penguinGood@2x.png */,
				20D36000212A0B2B00E86227 /* gameOver.png */,
				20D36001212A0B2B00E86227 /* whackMask@2x.png */,
				20D36002212A0B2B00E86227 /* whackBackground@2x.png */,
			);
			path = Content;
			sourceTree = "<group>";
		};
/* End PBXGroup section */

/* Begin PBXNativeTarget section */
		20D35FD8212A098900E86227 /* Project14 */ = {
			isa = PBXNativeTarget;
			buildConfigurationList = 20D35FF1212A098C00E86227 /* Build configuration list for PBXNativeTarget "Project14" */;
			buildPhases = (
				20D35FD5212A098900E86227 /* Sources */,
				20D35FD6212A098900E86227 /* Frameworks */,
				20D35FD7212A098900E86227 /* Resources */,
			);
			buildRules = (
			);
			dependencies = (
			);
			name = Project14;
			productName = Project14;
			productReference = 20D35FD9212A098900E86227 /* Project14.app */;
			productType = "com.apple.product-type.application";
		};
/* End PBXNativeTarget section */

/* Begin PBXProject section */
		20D35FD1212A098900E86227 /* Project object */ = {
			isa = PBXProject;
			attributes = {
				LastSwiftUpdateCheck = 0940;
				LastUpgradeCheck = 0940;
				ORGANIZATIONNAME = "Jethro Williams";
				TargetAttributes = {
					20D35FD8212A098900E86227 = {
						CreatedOnToolsVersion = 9.4.1;
					};
				};
			};
			buildConfigurationList = 20D35FD4212A098900E86227 /* Build configuration list for PBXProject "Project14" */;
			compatibilityVersion = "Xcode 9.3";
			developmentRegion = en;
			hasScannedForEncodings = 0;
			knownRegions = (
				en,
				Base,
			);
			mainGroup = 20D35FD0212A098900E86227;
			productRefGroup = 20D35FDA212A098900E86227 /* Products */;
			projectDirPath = "";
			projectRoot = "";
			targets = (
				20D35FD8212A098900E86227 /* Project14 */,
			);
		};
/* End PBXProject section */

/* Begin PBXResourcesBuildPhase section */
		20D35FD7212A098900E86227 /* Resources */ = {
			isa = PBXResourcesBuildPhase;
			buildActionMask = 2147483647;
			files = (
				20D36004212A0B2B00E86227 /* whackBad.caf in Resources */,
				20D35FE8212A098900E86227 /* Main.storyboard in Resources */,
				20D3600C212A0B2B00E86227 /* whackHole@2x.png in Resources */,
				20D3600E212A0B2B00E86227 /* penguinGood@2x.png in Resources */,
				20D36008212A0B2B00E86227 /* whack.caf in Resources */,
				20D3600F212A0B2B00E86227 /* gameOver.png in Resources */,
				20D35FDF212A098900E86227 /* GameScene.sks in Resources */,
				20D36009212A0B2B00E86227 /* gameOver@2x.png in Resources */,
				20D35FEA212A098C00E86227 /* Assets.xcassets in Resources */,
				20D36007212A0B2B00E86227 /* whackBackground.png in Resources */,
				20D3600A212A0B2B00E86227 /* whackHole.png in Resources */,
				20D36011212A0B2B00E86227 /* whackBackground@2x.png in Resources */,
				20D36006212A0B2B00E86227 /* whackMask.png in Resources */,
				20D3600B212A0B2B00E86227 /* penguinEvil@2x.png in Resources */,
				20D35FED212A098C00E86227 /* LaunchScreen.storyboard in Resources */,
				20D3600D212A0B2B00E86227 /* penguinEvil.png in Resources */,
				20D36005212A0B2B00E86227 /* penguinGood.png in Resources */,
				20D36010212A0B2B00E86227 /* whackMask@2x.png in Resources */,
			);
			runOnlyForDeploymentPostprocessing = 0;
		};
/* End PBXResourcesBuildPhase section */

/* Begin PBXSourcesBuildPhase section */
		20D35FD5212A098900E86227 /* Sources */ = {
			isa = PBXSourcesBuildPhase;
			buildActionMask = 2147483647;
			files = (
				20D35FE3212A098900E86227 /* GameScene.swift in Sources */,
				20D36014212A0E0900E86227 /* WhackSlot.swift in Sources */,
				20D35FE5212A098900E86227 /* GameViewController.swift in Sources */,
				20D35FDD212A098900E86227 /* AppDelegate.swift in Sources */,
				20D36012212A0B2B00E86227 /* Helper.swift in Sources */,
			);
			runOnlyForDeploymentPostprocessing = 0;
		};
/* End PBXSourcesBuildPhase section */

/* Begin PBXVariantGroup section */
		20D35FE6212A098900E86227 /* Main.storyboard */ = {
			isa = PBXVariantGroup;
			children = (
				20D35FE7212A098900E86227 /* Base */,
			);
			name = Main.storyboard;
			sourceTree = "<group>";
		};
		20D35FEB212A098C00E86227 /* LaunchScreen.storyboard */ = {
			isa = PBXVariantGroup;
			children = (
				20D35FEC212A098C00E86227 /* Base */,
			);
			name = LaunchScreen.storyboard;
			sourceTree = "<group>";
		};
/* End PBXVariantGroup section */

/* Begin XCBuildConfiguration section */
		20D35FEF212A098C00E86227 /* Debug */ = {
			isa = XCBuildConfiguration;
			buildSettings = {
				ALWAYS_SEARCH_USER_PATHS = NO;
				CLANG_ANALYZER_NONNULL = YES;
				CLANG_ANALYZER_NUMBER_OBJECT_CONVERSION = YES_AGGRESSIVE;
				CLANG_CXX_LANGUAGE_STANDARD = "gnu++14";
				CLANG_CXX_LIBRARY = "libc++";
				CLANG_ENABLE_MODULES = YES;
				CLANG_ENABLE_OBJC_ARC = YES;
				CLANG_ENABLE_OBJC_WEAK = YES;
				CLANG_WARN_BLOCK_CAPTURE_AUTORELEASING = YES;
				CLANG_WARN_BOOL_CONVERSION = YES;
				CLANG_WARN_COMMA = YES;
				CLANG_WARN_CONSTANT_CONVERSION = YES;
				CLANG_WARN_DEPRECATED_OBJC_IMPLEMENTATIONS = YES;
				CLANG_WARN_DIRECT_OBJC_ISA_USAGE = YES_ERROR;
				CLANG_WARN_DOCUMENTATION_COMMENTS = YES;
				CLANG_WARN_EMPTY_BODY = YES;
				CLANG_WARN_ENUM_CONVERSION = YES;
				CLANG_WARN_INFINITE_RECURSION = YES;
				CLANG_WARN_INT_CONVERSION = YES;
				CLANG_WARN_NON_LITERAL_NULL_CONVERSION = YES;
				CLANG_WARN_OBJC_IMPLICIT_RETAIN_SELF = YES;
				CLANG_WARN_OBJC_LITERAL_CONVERSION = YES;
				CLANG_WARN_OBJC_ROOT_CLASS = YES_ERROR;
				CLANG_WARN_RANGE_LOOP_ANALYSIS = YES;
				CLANG_WARN_STRICT_PROTOTYPES = YES;
				CLANG_WARN_SUSPICIOUS_MOVE = YES;
				CLANG_WARN_UNGUARDED_AVAILABILITY = YES_AGGRESSIVE;
				CLANG_WARN_UNREACHABLE_CODE = YES;
				CLANG_WARN__DUPLICATE_METHOD_MATCH = YES;
				CODE_SIGN_IDENTITY = "iPhone Developer";
				COPY_PHASE_STRIP = NO;
				DEBUG_INFORMATION_FORMAT = dwarf;
				ENABLE_STRICT_OBJC_MSGSEND = YES;
				ENABLE_TESTABILITY = YES;
				GCC_C_LANGUAGE_STANDARD = gnu11;
				GCC_DYNAMIC_NO_PIC = NO;
				GCC_NO_COMMON_BLOCKS = YES;
				GCC_OPTIMIZATION_LEVEL = 0;
				GCC_PREPROCESSOR_DEFINITIONS = (
					"DEBUG=1",
					"$(inherited)",
				);
				GCC_WARN_64_TO_32_BIT_CONVERSION = YES;
				GCC_WARN_ABOUT_RETURN_TYPE = YES_ERROR;
				GCC_WARN_UNDECLARED_SELECTOR = YES;
				GCC_WARN_UNINITIALIZED_AUTOS = YES_AGGRESSIVE;
				GCC_WARN_UNUSED_FUNCTION = YES;
				GCC_WARN_UNUSED_VARIABLE = YES;
				IPHONEOS_DEPLOYMENT_TARGET = 11.4;
				MTL_ENABLE_DEBUG_INFO = YES;
				ONLY_ACTIVE_ARCH = YES;
				SDKROOT = iphoneos;
				SWIFT_ACTIVE_COMPILATION_CONDITIONS = DEBUG;
				SWIFT_OPTIMIZATION_LEVEL = "-Onone";
			};
			name = Debug;
		};
		20D35FF0212A098C00E86227 /* Release */ = {
			isa = XCBuildConfiguration;
			buildSettings = {
				ALWAYS_SEARCH_USER_PATHS = NO;
				CLANG_ANALYZER_NONNULL = YES;
				CLANG_ANALYZER_NUMBER_OBJECT_CONVERSION = YES_AGGRESSIVE;
				CLANG_CXX_LANGUAGE_STANDARD = "gnu++14";
				CLANG_CXX_LIBRARY = "libc++";
				CLANG_ENABLE_MODULES = YES;
				CLANG_ENABLE_OBJC_ARC = YES;
				CLANG_ENABLE_OBJC_WEAK = YES;
				CLANG_WARN_BLOCK_CAPTURE_AUTORELEASING = YES;
				CLANG_WARN_BOOL_CONVERSION = YES;
				CLANG_WARN_COMMA = YES;
				CLANG_WARN_CONSTANT_CONVERSION = YES;
				CLANG_WARN_DEPRECATED_OBJC_IMPLEMENTATIONS = YES;
				CLANG_WARN_DIRECT_OBJC_ISA_USAGE = YES_ERROR;
				CLANG_WARN_DOCUMENTATION_COMMENTS = YES;
				CLANG_WARN_EMPTY_BODY = YES;
				CLANG_WARN_ENUM_CONVERSION = YES;
				CLANG_WARN_INFINITE_RECURSION = YES;
				CLANG_WARN_INT_CONVERSION = YES;
				CLANG_WARN_NON_LITERAL_NULL_CONVERSION = YES;
				CLANG_WARN_OBJC_IMPLICIT_RETAIN_SELF = YES;
				CLANG_WARN_OBJC_LITERAL_CONVERSION = YES;
				CLANG_WARN_OBJC_ROOT_CLASS = YES_ERROR;
				CLANG_WARN_RANGE_LOOP_ANALYSIS = YES;
				CLANG_WARN_STRICT_PROTOTYPES = YES;
				CLANG_WARN_SUSPICIOUS_MOVE = YES;
				CLANG_WARN_UNGUARDED_AVAILABILITY = YES_AGGRESSIVE;
				CLANG_WARN_UNREACHABLE_CODE = YES;
				CLANG_WARN__DUPLICATE_METHOD_MATCH = YES;
				CODE_SIGN_IDENTITY = "iPhone Developer";
				COPY_PHASE_STRIP = NO;
				DEBUG_INFORMATION_FORMAT = "dwarf-with-dsym";
				ENABLE_NS_ASSERTIONS = NO;
				ENABLE_STRICT_OBJC_MSGSEND = YES;
				GCC_C_LANGUAGE_STANDARD = gnu11;
				GCC_NO_COMMON_BLOCKS = YES;
				GCC_WARN_64_TO_32_BIT_CONVERSION = YES;
				GCC_WARN_ABOUT_RETURN_TYPE = YES_ERROR;
				GCC_WARN_UNDECLARED_SELECTOR = YES;
				GCC_WARN_UNINITIALIZED_AUTOS = YES_AGGRESSIVE;
				GCC_WARN_UNUSED_FUNCTION = YES;
				GCC_WARN_UNUSED_VARIABLE = YES;
				IPHONEOS_DEPLOYMENT_TARGET = 11.4;
				MTL_ENABLE_DEBUG_INFO = NO;
				SDKROOT = iphoneos;
				SWIFT_COMPILATION_MODE = wholemodule;
				SWIFT_OPTIMIZATION_LEVEL = "-O";
				VALIDATE_PRODUCT = YES;
			};
			name = Release;
		};
		20D35FF2212A098C00E86227 /* Debug */ = {
			isa = XCBuildConfiguration;
			buildSettings = {
				ASSETCATALOG_COMPILER_APPICON_NAME = AppIcon;
				CODE_SIGN_STYLE = Automatic;
				DEVELOPMENT_TEAM = 6575ZUY5W5;
				INFOPLIST_FILE = Project14/Info.plist;
				LD_RUNPATH_SEARCH_PATHS = (
					"$(inherited)",
					"@executable_path/Frameworks",
				);
				PRODUCT_BUNDLE_IDENTIFIER = com.jethrowilliams.Project14;
				PRODUCT_NAME = "$(TARGET_NAME)";
				SWIFT_VERSION = 4.0;
				TARGETED_DEVICE_FAMILY = 2;
			};
			name = Debug;
		};
		20D35FF3212A098C00E86227 /* Release */ = {
			isa = XCBuildConfiguration;
			buildSettings = {
				ASSETCATALOG_COMPILER_APPICON_NAME = AppIcon;
				CODE_SIGN_STYLE = Automatic;
				DEVELOPMENT_TEAM = 6575ZUY5W5;
				INFOPLIST_FILE = Project14/Info.plist;
				LD_RUNPATH_SEARCH_PATHS = (
					"$(inherited)",
					"@executable_path/Frameworks",
				);
				PRODUCT_BUNDLE_IDENTIFIER = com.jethrowilliams.Project14;
				PRODUCT_NAME = "$(TARGET_NAME)";
				SWIFT_VERSION = 4.0;
				TARGETED_DEVICE_FAMILY = 2;
			};
			name = Release;
		};
/* End XCBuildConfiguration section */

/* Begin XCConfigurationList section */
		20D35FD4212A098900E86227 /* Build configuration list for PBXProject "Project14" */ = {
			isa = XCConfigurationList;
			buildConfigurations = (
				20D35FEF212A098C00E86227 /* Debug */,
				20D35FF0212A098C00E86227 /* Release */,
			);
			defaultConfigurationIsVisible = 0;
			defaultConfigurationName = Release;
		};
		20D35FF1212A098C00E86227 /* Build configuration list for PBXNativeTarget "Project14" */ = {
			isa = XCConfigurationList;
			buildConfigurations = (
				20D35FF2212A098C00E86227 /* Debug */,
				20D35FF3212A098C00E86227 /* Release */,
			);
			defaultConfigurationIsVisible = 0;
			defaultConfigurationName = Release;
		};
/* End XCConfigurationList section */
	};
	rootObject = 20D35FD1212A098900E86227 /* Project object */;
}
